// !$*UTF8*$!
{
	archiveVersion = 1;
	classes = {
	};
	objectVersion = 56;
	objects = {

/* Begin PBXBuildFile section */
		8A0F0FC52B0CC9E1000E33D5 /* AppDelegate.swift in Sources */ = {isa = PBXBuildFile; fileRef = 8A0F0FC42B0CC9E1000E33D5 /* AppDelegate.swift */; };
		8A0F0FC72B0CC9E1000E33D5 /* SceneDelegate.swift in Sources */ = {isa = PBXBuildFile; fileRef = 8A0F0FC62B0CC9E1000E33D5 /* SceneDelegate.swift */; };
		8A0F0FC92B0CC9E1000E33D5 /* ViewController.swift in Sources */ = {isa = PBXBuildFile; fileRef = 8A0F0FC82B0CC9E1000E33D5 /* ViewController.swift */; };
		8A0F0FCC2B0CC9E1000E33D5 /* Main.storyboard in Resources */ = {isa = PBXBuildFile; fileRef = 8A0F0FCA2B0CC9E1000E33D5 /* Main.storyboard */; };
		8A0F0FCE2B0CC9E3000E33D5 /* Assets.xcassets in Resources */ = {isa = PBXBuildFile; fileRef = 8A0F0FCD2B0CC9E3000E33D5 /* Assets.xcassets */; };
		8A0F0FD12B0CC9E3000E33D5 /* LaunchScreen.storyboard in Resources */ = {isa = PBXBuildFile; fileRef = 8A0F0FCF2B0CC9E3000E33D5 /* LaunchScreen.storyboard */; };
		8A2741C32B0DDCB800A6A3A2 /* GoogleService-Info.plist in Resources */ = {isa = PBXBuildFile; fileRef = 8A2741C22B0DDCB800A6A3A2 /* GoogleService-Info.plist */; };
		8A2741C62B0DDE7A00A6A3A2 /* FirebaseAnalytics in Frameworks */ = {isa = PBXBuildFile; productRef = 8A2741C52B0DDE7A00A6A3A2 /* FirebaseAnalytics */; };
		8A2741C82B0DDE7A00A6A3A2 /* FirebaseAnalyticsOnDeviceConversion in Frameworks */ = {isa = PBXBuildFile; productRef = 8A2741C72B0DDE7A00A6A3A2 /* FirebaseAnalyticsOnDeviceConversion */; };
		8A2741CA2B0DDE7A00A6A3A2 /* FirebaseAnalyticsSwift in Frameworks */ = {isa = PBXBuildFile; productRef = 8A2741C92B0DDE7A00A6A3A2 /* FirebaseAnalyticsSwift */; };
		8A2741CC2B0DDE7A00A6A3A2 /* FirebaseAnalyticsWithoutAdIdSupport in Frameworks */ = {isa = PBXBuildFile; productRef = 8A2741CB2B0DDE7A00A6A3A2 /* FirebaseAnalyticsWithoutAdIdSupport */; };
		8A2741CE2B0DDE7A00A6A3A2 /* FirebaseAppCheck in Frameworks */ = {isa = PBXBuildFile; productRef = 8A2741CD2B0DDE7A00A6A3A2 /* FirebaseAppCheck */; };
		8A2741D02B0DDE7A00A6A3A2 /* FirebaseAppDistribution-Beta in Frameworks */ = {isa = PBXBuildFile; productRef = 8A2741CF2B0DDE7A00A6A3A2 /* FirebaseAppDistribution-Beta */; };
		8A2741D22B0DDE7A00A6A3A2 /* FirebaseAuth in Frameworks */ = {isa = PBXBuildFile; productRef = 8A2741D12B0DDE7A00A6A3A2 /* FirebaseAuth */; };
		8A2741D42B0DDE7A00A6A3A2 /* FirebaseAuthCombine-Community in Frameworks */ = {isa = PBXBuildFile; productRef = 8A2741D32B0DDE7A00A6A3A2 /* FirebaseAuthCombine-Community */; };
		8A2741D62B0DDE7A00A6A3A2 /* FirebaseCrashlytics in Frameworks */ = {isa = PBXBuildFile; productRef = 8A2741D52B0DDE7A00A6A3A2 /* FirebaseCrashlytics */; };
		8A2741D82B0DDE7A00A6A3A2 /* FirebaseDatabase in Frameworks */ = {isa = PBXBuildFile; productRef = 8A2741D72B0DDE7A00A6A3A2 /* FirebaseDatabase */; };
		8A2741DA2B0DDE7A00A6A3A2 /* FirebaseDatabaseSwift in Frameworks */ = {isa = PBXBuildFile; productRef = 8A2741D92B0DDE7A00A6A3A2 /* FirebaseDatabaseSwift */; };
		8A2741DC2B0DDE7A00A6A3A2 /* FirebaseDynamicLinks in Frameworks */ = {isa = PBXBuildFile; productRef = 8A2741DB2B0DDE7A00A6A3A2 /* FirebaseDynamicLinks */; };
		8A2741DE2B0DDE7A00A6A3A2 /* FirebaseFirestore in Frameworks */ = {isa = PBXBuildFile; productRef = 8A2741DD2B0DDE7A00A6A3A2 /* FirebaseFirestore */; };
		8A2741E02B0DDE7A00A6A3A2 /* FirebaseFirestoreCombine-Community in Frameworks */ = {isa = PBXBuildFile; productRef = 8A2741DF2B0DDE7A00A6A3A2 /* FirebaseFirestoreCombine-Community */; };
		8A2741E22B0DDE7A00A6A3A2 /* FirebaseFirestoreSwift in Frameworks */ = {isa = PBXBuildFile; productRef = 8A2741E12B0DDE7A00A6A3A2 /* FirebaseFirestoreSwift */; };
		8A2741E42B0DDE7A00A6A3A2 /* FirebaseFunctions in Frameworks */ = {isa = PBXBuildFile; productRef = 8A2741E32B0DDE7A00A6A3A2 /* FirebaseFunctions */; };
		8A2741E62B0DDE7A00A6A3A2 /* FirebaseFunctionsCombine-Community in Frameworks */ = {isa = PBXBuildFile; productRef = 8A2741E52B0DDE7A00A6A3A2 /* FirebaseFunctionsCombine-Community */; };
		8A2741E82B0DDE7A00A6A3A2 /* FirebaseInAppMessaging-Beta in Frameworks */ = {isa = PBXBuildFile; productRef = 8A2741E72B0DDE7A00A6A3A2 /* FirebaseInAppMessaging-Beta */; };
		8A2741EA2B0DDE7A00A6A3A2 /* FirebaseInAppMessagingSwift-Beta in Frameworks */ = {isa = PBXBuildFile; productRef = 8A2741E92B0DDE7A00A6A3A2 /* FirebaseInAppMessagingSwift-Beta */; };
		8A2741EC2B0DDE7A00A6A3A2 /* FirebaseInstallations in Frameworks */ = {isa = PBXBuildFile; productRef = 8A2741EB2B0DDE7A00A6A3A2 /* FirebaseInstallations */; };
		8A2741EE2B0DDE7A00A6A3A2 /* FirebaseMLModelDownloader in Frameworks */ = {isa = PBXBuildFile; productRef = 8A2741ED2B0DDE7A00A6A3A2 /* FirebaseMLModelDownloader */; };
		8A2741F02B0DDE7A00A6A3A2 /* FirebaseMessaging in Frameworks */ = {isa = PBXBuildFile; productRef = 8A2741EF2B0DDE7A00A6A3A2 /* FirebaseMessaging */; };
		8A2741F22B0DDE7A00A6A3A2 /* FirebasePerformance in Frameworks */ = {isa = PBXBuildFile; productRef = 8A2741F12B0DDE7A00A6A3A2 /* FirebasePerformance */; };
		8A2741F42B0DDE7A00A6A3A2 /* FirebaseRemoteConfig in Frameworks */ = {isa = PBXBuildFile; productRef = 8A2741F32B0DDE7A00A6A3A2 /* FirebaseRemoteConfig */; };
		8A2741F62B0DDE7A00A6A3A2 /* FirebaseRemoteConfigSwift in Frameworks */ = {isa = PBXBuildFile; productRef = 8A2741F52B0DDE7A00A6A3A2 /* FirebaseRemoteConfigSwift */; };
		8A2741F82B0DDE7A00A6A3A2 /* FirebaseStorage in Frameworks */ = {isa = PBXBuildFile; productRef = 8A2741F72B0DDE7A00A6A3A2 /* FirebaseStorage */; };
		8A2741FA2B0DDE7A00A6A3A2 /* FirebaseStorageCombine-Community in Frameworks */ = {isa = PBXBuildFile; productRef = 8A2741F92B0DDE7A00A6A3A2 /* FirebaseStorageCombine-Community */; };
		8AB7C43B2B0E3A8D008F206E /* signIN.swift in Sources */ = {isa = PBXBuildFile; fileRef = 8AB7C43A2B0E3A8D008F206E /* signIN.swift */; };
/* End PBXBuildFile section */

/* Begin PBXFileReference section */
		8A0F0FC12B0CC9E1000E33D5 /* test1.app */ = {isa = PBXFileReference; explicitFileType = wrapper.application; includeInIndex = 0; path = test1.app; sourceTree = BUILT_PRODUCTS_DIR; };
		8A0F0FC42B0CC9E1000E33D5 /* AppDelegate.swift */ = {isa = PBXFileReference; lastKnownFileType = sourcecode.swift; path = AppDelegate.swift; sourceTree = "<group>"; };
		8A0F0FC62B0CC9E1000E33D5 /* SceneDelegate.swift */ = {isa = PBXFileReference; lastKnownFileType = sourcecode.swift; path = SceneDelegate.swift; sourceTree = "<group>"; };
		8A0F0FC82B0CC9E1000E33D5 /* ViewController.swift */ = {isa = PBXFileReference; lastKnownFileType = sourcecode.swift; path = ViewController.swift; sourceTree = "<group>"; };
		8A0F0FCB2B0CC9E1000E33D5 /* Base */ = {isa = PBXFileReference; lastKnownFileType = file.storyboard; name = Base; path = Base.lproj/Main.storyboard; sourceTree = "<group>"; };
		8A0F0FCD2B0CC9E3000E33D5 /* Assets.xcassets */ = {isa = PBXFileReference; lastKnownFileType = folder.assetcatalog; path = Assets.xcassets; sourceTree = "<group>"; };
		8A0F0FD02B0CC9E3000E33D5 /* Base */ = {isa = PBXFileReference; lastKnownFileType = file.storyboard; name = Base; path = Base.lproj/LaunchScreen.storyboard; sourceTree = "<group>"; };
		8A0F0FD22B0CC9E3000E33D5 /* Info.plist */ = {isa = PBXFileReference; lastKnownFileType = text.plist.xml; path = Info.plist; sourceTree = "<group>"; };
		8A2741C22B0DDCB800A6A3A2 /* GoogleService-Info.plist */ = {isa = PBXFileReference; fileEncoding = 4; lastKnownFileType = text.plist.xml; path = "GoogleService-Info.plist"; sourceTree = "<group>"; };
		8AB7C43A2B0E3A8D008F206E /* signIN.swift */ = {isa = PBXFileReference; lastKnownFileType = sourcecode.swift; path = signIN.swift; sourceTree = "<group>"; };
/* End PBXFileReference section */

/* Begin PBXFrameworksBuildPhase section */
		8A0F0FBE2B0CC9E1000E33D5 /* Frameworks */ = {
			isa = PBXFrameworksBuildPhase;
			buildActionMask = 2147483647;
			files = (
				8A2741D82B0DDE7A00A6A3A2 /* FirebaseDatabase in Frameworks */,
				8A2741E62B0DDE7A00A6A3A2 /* FirebaseFunctionsCombine-Community in Frameworks */,
				8A2741DE2B0DDE7A00A6A3A2 /* FirebaseFirestore in Frameworks */,
				8A2741CA2B0DDE7A00A6A3A2 /* FirebaseAnalyticsSwift in Frameworks */,
				8A2741C62B0DDE7A00A6A3A2 /* FirebaseAnalytics in Frameworks */,
				8A2741C82B0DDE7A00A6A3A2 /* FirebaseAnalyticsOnDeviceConversion in Frameworks */,
				8A2741EE2B0DDE7A00A6A3A2 /* FirebaseMLModelDownloader in Frameworks */,
				8A2741E22B0DDE7A00A6A3A2 /* FirebaseFirestoreSwift in Frameworks */,
				8A2741CE2B0DDE7A00A6A3A2 /* FirebaseAppCheck in Frameworks */,
				8A2741CC2B0DDE7A00A6A3A2 /* FirebaseAnalyticsWithoutAdIdSupport in Frameworks */,
				8A2741D22B0DDE7A00A6A3A2 /* FirebaseAuth in Frameworks */,
				8A2741D62B0DDE7A00A6A3A2 /* FirebaseCrashlytics in Frameworks */,
				8A2741F62B0DDE7A00A6A3A2 /* FirebaseRemoteConfigSwift in Frameworks */,
				8A2741E82B0DDE7A00A6A3A2 /* FirebaseInAppMessaging-Beta in Frameworks */,
				8A2741DA2B0DDE7A00A6A3A2 /* FirebaseDatabaseSwift in Frameworks */,
				8A2741E42B0DDE7A00A6A3A2 /* FirebaseFunctions in Frameworks */,
				8A2741FA2B0DDE7A00A6A3A2 /* FirebaseStorageCombine-Community in Frameworks */,
				8A2741F42B0DDE7A00A6A3A2 /* FirebaseRemoteConfig in Frameworks */,
				8A2741D02B0DDE7A00A6A3A2 /* FirebaseAppDistribution-Beta in Frameworks */,
				8A2741D42B0DDE7A00A6A3A2 /* FirebaseAuthCombine-Community in Frameworks */,
				8A2741F22B0DDE7A00A6A3A2 /* FirebasePerformance in Frameworks */,
				8A2741EA2B0DDE7A00A6A3A2 /* FirebaseInAppMessagingSwift-Beta in Frameworks */,
				8A2741F82B0DDE7A00A6A3A2 /* FirebaseStorage in Frameworks */,
				8A2741DC2B0DDE7A00A6A3A2 /* FirebaseDynamicLinks in Frameworks */,
				8A2741E02B0DDE7A00A6A3A2 /* FirebaseFirestoreCombine-Community in Frameworks */,
				8A2741F02B0DDE7A00A6A3A2 /* FirebaseMessaging in Frameworks */,
				8A2741EC2B0DDE7A00A6A3A2 /* FirebaseInstallations in Frameworks */,
			);
			runOnlyForDeploymentPostprocessing = 0;
		};
/* End PBXFrameworksBuildPhase section */

/* Begin PBXGroup section */
		8A0F0FB82B0CC9E1000E33D5 = {
			isa = PBXGroup;
			children = (
				8A0F0FC32B0CC9E1000E33D5 /* test1 */,
				8A0F0FC22B0CC9E1000E33D5 /* Products */,
			);
			sourceTree = "<group>";
		};
		8A0F0FC22B0CC9E1000E33D5 /* Products */ = {
			isa = PBXGroup;
			children = (
				8A0F0FC12B0CC9E1000E33D5 /* test1.app */,
			);
			name = Products;
			sourceTree = "<group>";
		};
		8A0F0FC32B0CC9E1000E33D5 /* test1 */ = {
			isa = PBXGroup;
			children = (
				8A0F0FC42B0CC9E1000E33D5 /* AppDelegate.swift */,
				8A0F0FC62B0CC9E1000E33D5 /* SceneDelegate.swift */,
				8A0F0FC82B0CC9E1000E33D5 /* ViewController.swift */,
				8A0F0FCA2B0CC9E1000E33D5 /* Main.storyboard */,
				8A0F0FCD2B0CC9E3000E33D5 /* Assets.xcassets */,
				8A0F0FCF2B0CC9E3000E33D5 /* LaunchScreen.storyboard */,
				8A0F0FD22B0CC9E3000E33D5 /* Info.plist */,
				8A2741C22B0DDCB800A6A3A2 /* GoogleService-Info.plist */,
				8AB7C43A2B0E3A8D008F206E /* signIN.swift */,
			);
			path = test1;
			sourceTree = "<group>";
		};
/* End PBXGroup section */

/* Begin PBXNativeTarget section */
		8A0F0FC02B0CC9E1000E33D5 /* test1 */ = {
			isa = PBXNativeTarget;
			buildConfigurationList = 8A0F0FD52B0CC9E3000E33D5 /* Build configuration list for PBXNativeTarget "test1" */;
			buildPhases = (
				8A0F0FBD2B0CC9E1000E33D5 /* Sources */,
				8A0F0FBE2B0CC9E1000E33D5 /* Frameworks */,
				8A0F0FBF2B0CC9E1000E33D5 /* Resources */,
			);
			buildRules = (
			);
			dependencies = (
			);
			name = test1;
			packageProductDependencies = (
				8A2741C52B0DDE7A00A6A3A2 /* FirebaseAnalytics */,
				8A2741C72B0DDE7A00A6A3A2 /* FirebaseAnalyticsOnDeviceConversion */,
				8A2741C92B0DDE7A00A6A3A2 /* FirebaseAnalyticsSwift */,
				8A2741CB2B0DDE7A00A6A3A2 /* FirebaseAnalyticsWithoutAdIdSupport */,
				8A2741CD2B0DDE7A00A6A3A2 /* FirebaseAppCheck */,
				8A2741CF2B0DDE7A00A6A3A2 /* FirebaseAppDistribution-Beta */,
				8A2741D12B0DDE7A00A6A3A2 /* FirebaseAuth */,
				8A2741D32B0DDE7A00A6A3A2 /* FirebaseAuthCombine-Community */,
				8A2741D52B0DDE7A00A6A3A2 /* FirebaseCrashlytics */,
				8A2741D72B0DDE7A00A6A3A2 /* FirebaseDatabase */,
				8A2741D92B0DDE7A00A6A3A2 /* FirebaseDatabaseSwift */,
				8A2741DB2B0DDE7A00A6A3A2 /* FirebaseDynamicLinks */,
				8A2741DD2B0DDE7A00A6A3A2 /* FirebaseFirestore */,
				8A2741DF2B0DDE7A00A6A3A2 /* FirebaseFirestoreCombine-Community */,
				8A2741E12B0DDE7A00A6A3A2 /* FirebaseFirestoreSwift */,
				8A2741E32B0DDE7A00A6A3A2 /* FirebaseFunctions */,
				8A2741E52B0DDE7A00A6A3A2 /* FirebaseFunctionsCombine-Community */,
				8A2741E72B0DDE7A00A6A3A2 /* FirebaseInAppMessaging-Beta */,
				8A2741E92B0DDE7A00A6A3A2 /* FirebaseInAppMessagingSwift-Beta */,
				8A2741EB2B0DDE7A00A6A3A2 /* FirebaseInstallations */,
				8A2741ED2B0DDE7A00A6A3A2 /* FirebaseMLModelDownloader */,
				8A2741EF2B0DDE7A00A6A3A2 /* FirebaseMessaging */,
				8A2741F12B0DDE7A00A6A3A2 /* FirebasePerformance */,
				8A2741F32B0DDE7A00A6A3A2 /* FirebaseRemoteConfig */,
				8A2741F52B0DDE7A00A6A3A2 /* FirebaseRemoteConfigSwift */,
				8A2741F72B0DDE7A00A6A3A2 /* FirebaseStorage */,
				8A2741F92B0DDE7A00A6A3A2 /* FirebaseStorageCombine-Community */,
			);
			productName = test1;
			productReference = 8A0F0FC12B0CC9E1000E33D5 /* test1.app */;
			productType = "com.apple.product-type.application";
		};
/* End PBXNativeTarget section */

/* Begin PBXProject section */
		8A0F0FB92B0CC9E1000E33D5 /* Project object */ = {
			isa = PBXProject;
			attributes = {
				BuildIndependentTargetsInParallel = 1;
				LastSwiftUpdateCheck = 1500;
				LastUpgradeCheck = 1500;
				TargetAttributes = {
					8A0F0FC02B0CC9E1000E33D5 = {
						CreatedOnToolsVersion = 15.0.1;
					};
				};
			};
			buildConfigurationList = 8A0F0FBC2B0CC9E1000E33D5 /* Build configuration list for PBXProject "test1" */;
			compatibilityVersion = "Xcode 14.0";
			developmentRegion = en;
			hasScannedForEncodings = 0;
			knownRegions = (
				en,
				Base,
			);
			mainGroup = 8A0F0FB82B0CC9E1000E33D5;
			packageReferences = (
				8A2741C42B0DDE7A00A6A3A2 /* XCRemoteSwiftPackageReference "firebase-ios-sdk" */,
			);
			productRefGroup = 8A0F0FC22B0CC9E1000E33D5 /* Products */;
			projectDirPath = "";
			projectRoot = "";
			targets = (
				8A0F0FC02B0CC9E1000E33D5 /* test1 */,
			);
		};
/* End PBXProject section */

/* Begin PBXResourcesBuildPhase section */
		8A0F0FBF2B0CC9E1000E33D5 /* Resources */ = {
			isa = PBXResourcesBuildPhase;
			buildActionMask = 2147483647;
			files = (
				8A0F0FD12B0CC9E3000E33D5 /* LaunchScreen.storyboard in Resources */,
				8A2741C32B0DDCB800A6A3A2 /* GoogleService-Info.plist in Resources */,
				8A0F0FCE2B0CC9E3000E33D5 /* Assets.xcassets in Resources */,
				8A0F0FCC2B0CC9E1000E33D5 /* Main.storyboard in Resources */,
			);
			runOnlyForDeploymentPostprocessing = 0;
		};
/* End PBXResourcesBuildPhase section */

/* Begin PBXSourcesBuildPhase section */
		8A0F0FBD2B0CC9E1000E33D5 /* Sources */ = {
			isa = PBXSourcesBuildPhase;
			buildActionMask = 2147483647;
			files = (
				8A0F0FC92B0CC9E1000E33D5 /* ViewController.swift in Sources */,
				8A0F0FC52B0CC9E1000E33D5 /* AppDelegate.swift in Sources */,
				8A0F0FC72B0CC9E1000E33D5 /* SceneDelegate.swift in Sources */,
				8AB7C43B2B0E3A8D008F206E /* signIN.swift in Sources */,
			);
			runOnlyForDeploymentPostprocessing = 0;
		};
/* End PBXSourcesBuildPhase section */

/* Begin PBXVariantGroup section */
		8A0F0FCA2B0CC9E1000E33D5 /* Main.storyboard */ = {
			isa = PBXVariantGroup;
			children = (
				8A0F0FCB2B0CC9E1000E33D5 /* Base */,
			);
			name = Main.storyboard;
			sourceTree = "<group>";
		};
		8A0F0FCF2B0CC9E3000E33D5 /* LaunchScreen.storyboard */ = {
			isa = PBXVariantGroup;
			children = (
				8A0F0FD02B0CC9E3000E33D5 /* Base */,
			);
			name = LaunchScreen.storyboard;
			sourceTree = "<group>";
		};
/* End PBXVariantGroup section */

/* Begin XCBuildConfiguration section */
		8A0F0FD32B0CC9E3000E33D5 /* Debug */ = {
			isa = XCBuildConfiguration;
			buildSettings = {
				ALWAYS_SEARCH_USER_PATHS = NO;
				ASSETCATALOG_COMPILER_GENERATE_SWIFT_ASSET_SYMBOL_EXTENSIONS = YES;
				CLANG_ANALYZER_NONNULL = YES;
				CLANG_ANALYZER_NUMBER_OBJECT_CONVERSION = YES_AGGRESSIVE;
				CLANG_CXX_LANGUAGE_STANDARD = "gnu++20";
				CLANG_ENABLE_MODULES = YES;
				CLANG_ENABLE_OBJC_ARC = YES;
				CLANG_ENABLE_OBJC_WEAK = YES;
				CLANG_WARN_BLOCK_CAPTURE_AUTORELEASING = YES;
				CLANG_WARN_BOOL_CONVERSION = YES;
				CLANG_WARN_COMMA = YES;
				CLANG_WARN_CONSTANT_CONVERSION = YES;
				CLANG_WARN_DEPRECATED_OBJC_IMPLEMENTATIONS = YES;
				CLANG_WARN_DIRECT_OBJC_ISA_USAGE = YES_ERROR;
				CLANG_WARN_DOCUMENTATION_COMMENTS = YES;
				CLANG_WARN_EMPTY_BODY = YES;
				CLANG_WARN_ENUM_CONVERSION = YES;
				CLANG_WARN_INFINITE_RECURSION = YES;
				CLANG_WARN_INT_CONVERSION = YES;
				CLANG_WARN_NON_LITERAL_NULL_CONVERSION = YES;
				CLANG_WARN_OBJC_IMPLICIT_RETAIN_SELF = YES;
				CLANG_WARN_OBJC_LITERAL_CONVERSION = YES;
				CLANG_WARN_OBJC_ROOT_CLASS = YES_ERROR;
				CLANG_WARN_QUOTED_INCLUDE_IN_FRAMEWORK_HEADER = YES;
				CLANG_WARN_RANGE_LOOP_ANALYSIS = YES;
				CLANG_WARN_STRICT_PROTOTYPES = YES;
				CLANG_WARN_SUSPICIOUS_MOVE = YES;
				CLANG_WARN_UNGUARDED_AVAILABILITY = YES_AGGRESSIVE;
				CLANG_WARN_UNREACHABLE_CODE = YES;
				CLANG_WARN__DUPLICATE_METHOD_MATCH = YES;
				COPY_PHASE_STRIP = NO;
				DEBUG_INFORMATION_FORMAT = dwarf;
				ENABLE_STRICT_OBJC_MSGSEND = YES;
				ENABLE_TESTABILITY = YES;
				ENABLE_USER_SCRIPT_SANDBOXING = YES;
				GCC_C_LANGUAGE_STANDARD = gnu17;
				GCC_DYNAMIC_NO_PIC = NO;
				GCC_NO_COMMON_BLOCKS = YES;
				GCC_OPTIMIZATION_LEVEL = 0;
				GCC_PREPROCESSOR_DEFINITIONS = (
					"DEBUG=1",
					"$(inherited)",
				);
				GCC_WARN_64_TO_32_BIT_CONVERSION = YES;
				GCC_WARN_ABOUT_RETURN_TYPE = YES_ERROR;
				GCC_WARN_UNDECLARED_SELECTOR = YES;
				GCC_WARN_UNINITIALIZED_AUTOS = YES_AGGRESSIVE;
				GCC_WARN_UNUSED_FUNCTION = YES;
				GCC_WARN_UNUSED_VARIABLE = YES;
				IPHONEOS_DEPLOYMENT_TARGET = 17.0;
				LOCALIZATION_PREFERS_STRING_CATALOGS = YES;
				MTL_ENABLE_DEBUG_INFO = INCLUDE_SOURCE;
				MTL_FAST_MATH = YES;
				ONLY_ACTIVE_ARCH = YES;
				SDKROOT = iphoneos;
				SWIFT_ACTIVE_COMPILATION_CONDITIONS = "DEBUG $(inherited)";
				SWIFT_OPTIMIZATION_LEVEL = "-Onone";
			};
			name = Debug;
		};
		8A0F0FD42B0CC9E3000E33D5 /* Release */ = {
			isa = XCBuildConfiguration;
			buildSettings = {
				ALWAYS_SEARCH_USER_PATHS = NO;
				ASSETCATALOG_COMPILER_GENERATE_SWIFT_ASSET_SYMBOL_EXTENSIONS = YES;
				CLANG_ANALYZER_NONNULL = YES;
				CLANG_ANALYZER_NUMBER_OBJECT_CONVERSION = YES_AGGRESSIVE;
				CLANG_CXX_LANGUAGE_STANDARD = "gnu++20";
				CLANG_ENABLE_MODULES = YES;
				CLANG_ENABLE_OBJC_ARC = YES;
				CLANG_ENABLE_OBJC_WEAK = YES;
				CLANG_WARN_BLOCK_CAPTURE_AUTORELEASING = YES;
				CLANG_WARN_BOOL_CONVERSION = YES;
				CLANG_WARN_COMMA = YES;
				CLANG_WARN_CONSTANT_CONVERSION = YES;
				CLANG_WARN_DEPRECATED_OBJC_IMPLEMENTATIONS = YES;
				CLANG_WARN_DIRECT_OBJC_ISA_USAGE = YES_ERROR;
				CLANG_WARN_DOCUMENTATION_COMMENTS = YES;
				CLANG_WARN_EMPTY_BODY = YES;
				CLANG_WARN_ENUM_CONVERSION = YES;
				CLANG_WARN_INFINITE_RECURSION = YES;
				CLANG_WARN_INT_CONVERSION = YES;
				CLANG_WARN_NON_LITERAL_NULL_CONVERSION = YES;
				CLANG_WARN_OBJC_IMPLICIT_RETAIN_SELF = YES;
				CLANG_WARN_OBJC_LITERAL_CONVERSION = YES;
				CLANG_WARN_OBJC_ROOT_CLASS = YES_ERROR;
				CLANG_WARN_QUOTED_INCLUDE_IN_FRAMEWORK_HEADER = YES;
				CLANG_WARN_RANGE_LOOP_ANALYSIS = YES;
				CLANG_WARN_STRICT_PROTOTYPES = YES;
				CLANG_WARN_SUSPICIOUS_MOVE = YES;
				CLANG_WARN_UNGUARDED_AVAILABILITY = YES_AGGRESSIVE;
				CLANG_WARN_UNREACHABLE_CODE = YES;
				CLANG_WARN__DUPLICATE_METHOD_MATCH = YES;
				COPY_PHASE_STRIP = NO;
				DEBUG_INFORMATION_FORMAT = "dwarf-with-dsym";
				ENABLE_NS_ASSERTIONS = NO;
				ENABLE_STRICT_OBJC_MSGSEND = YES;
				ENABLE_USER_SCRIPT_SANDBOXING = YES;
				GCC_C_LANGUAGE_STANDARD = gnu17;
				GCC_NO_COMMON_BLOCKS = YES;
				GCC_WARN_64_TO_32_BIT_CONVERSION = YES;
				GCC_WARN_ABOUT_RETURN_TYPE = YES_ERROR;
				GCC_WARN_UNDECLARED_SELECTOR = YES;
				GCC_WARN_UNINITIALIZED_AUTOS = YES_AGGRESSIVE;
				GCC_WARN_UNUSED_FUNCTION = YES;
				GCC_WARN_UNUSED_VARIABLE = YES;
				IPHONEOS_DEPLOYMENT_TARGET = 17.0;
				LOCALIZATION_PREFERS_STRING_CATALOGS = YES;
				MTL_ENABLE_DEBUG_INFO = NO;
				MTL_FAST_MATH = YES;
				SDKROOT = iphoneos;
				SWIFT_COMPILATION_MODE = wholemodule;
				VALIDATE_PRODUCT = YES;
			};
			name = Release;
		};
		8A0F0FD62B0CC9E3000E33D5 /* Debug */ = {
			isa = XCBuildConfiguration;
			buildSettings = {
				ASSETCATALOG_COMPILER_APPICON_NAME = AppIcon;
				ASSETCATALOG_COMPILER_GLOBAL_ACCENT_COLOR_NAME = AccentColor;
				CODE_SIGN_STYLE = Automatic;
				CURRENT_PROJECT_VERSION = 1;
				DEVELOPMENT_TEAM = CJ9XK4456C;
				GENERATE_INFOPLIST_FILE = YES;
				INFOPLIST_FILE = test1/Info.plist;
				INFOPLIST_KEY_UIApplicationSupportsIndirectInputEvents = YES;
				INFOPLIST_KEY_UILaunchStoryboardName = LaunchScreen;
				INFOPLIST_KEY_UIMainStoryboardFile = Main;
				INFOPLIST_KEY_UISupportedInterfaceOrientations_iPad = "UIInterfaceOrientationPortrait UIInterfaceOrientationPortraitUpsideDown UIInterfaceOrientationLandscapeLeft UIInterfaceOrientationLandscapeRight";
				INFOPLIST_KEY_UISupportedInterfaceOrientations_iPhone = "UIInterfaceOrientationPortrait UIInterfaceOrientationLandscapeLeft UIInterfaceOrientationLandscapeRight";
				LD_RUNPATH_SEARCH_PATHS = (
					"$(inherited)",
					"@executable_path/Frameworks",
				);
				MARKETING_VERSION = 1.0;
				PRODUCT_BUNDLE_IDENTIFIER = com.amardeepDollop.test1;
				PRODUCT_NAME = "$(TARGET_NAME)";
				SWIFT_EMIT_LOC_STRINGS = YES;
				SWIFT_VERSION = 5.0;
				TARGETED_DEVICE_FAMILY = "1,2";
			};
			name = Debug;
		};
		8A0F0FD72B0CC9E3000E33D5 /* Release */ = {
			isa = XCBuildConfiguration;
			buildSettings = {
				ASSETCATALOG_COMPILER_APPICON_NAME = AppIcon;
				ASSETCATALOG_COMPILER_GLOBAL_ACCENT_COLOR_NAME = AccentColor;
				CODE_SIGN_STYLE = Automatic;
				CURRENT_PROJECT_VERSION = 1;
				DEVELOPMENT_TEAM = CJ9XK4456C;
				GENERATE_INFOPLIST_FILE = YES;
				INFOPLIST_FILE = test1/Info.plist;
				INFOPLIST_KEY_UIApplicationSupportsIndirectInputEvents = YES;
				INFOPLIST_KEY_UILaunchStoryboardName = LaunchScreen;
				INFOPLIST_KEY_UIMainStoryboardFile = Main;
				INFOPLIST_KEY_UISupportedInterfaceOrientations_iPad = "UIInterfaceOrientationPortrait UIInterfaceOrientationPortraitUpsideDown UIInterfaceOrientationLandscapeLeft UIInterfaceOrientationLandscapeRight";
				INFOPLIST_KEY_UISupportedInterfaceOrientations_iPhone = "UIInterfaceOrientationPortrait UIInterfaceOrientationLandscapeLeft UIInterfaceOrientationLandscapeRight";
				LD_RUNPATH_SEARCH_PATHS = (
					"$(inherited)",
					"@executable_path/Frameworks",
				);
				MARKETING_VERSION = 1.0;
				PRODUCT_BUNDLE_IDENTIFIER = com.amardeepDollop.test1;
				PRODUCT_NAME = "$(TARGET_NAME)";
				SWIFT_EMIT_LOC_STRINGS = YES;
				SWIFT_VERSION = 5.0;
				TARGETED_DEVICE_FAMILY = "1,2";
			};
			name = Release;
		};
/* End XCBuildConfiguration section */

/* Begin XCConfigurationList section */
		8A0F0FBC2B0CC9E1000E33D5 /* Build configuration list for PBXProject "test1" */ = {
			isa = XCConfigurationList;
			buildConfigurations = (
				8A0F0FD32B0CC9E3000E33D5 /* Debug */,
				8A0F0FD42B0CC9E3000E33D5 /* Release */,
			);
			defaultConfigurationIsVisible = 0;
			defaultConfigurationName = Release;
		};
		8A0F0FD52B0CC9E3000E33D5 /* Build configuration list for PBXNativeTarget "test1" */ = {
			isa = XCConfigurationList;
			buildConfigurations = (
				8A0F0FD62B0CC9E3000E33D5 /* Debug */,
				8A0F0FD72B0CC9E3000E33D5 /* Release */,
			);
			defaultConfigurationIsVisible = 0;
			defaultConfigurationName = Release;
		};
/* End XCConfigurationList section */

/* Begin XCRemoteSwiftPackageReference section */
		8A2741C42B0DDE7A00A6A3A2 /* XCRemoteSwiftPackageReference "firebase-ios-sdk" */ = {
			isa = XCRemoteSwiftPackageReference;
			repositoryURL = "https://github.com/firebase/firebase-ios-sdk";
			requirement = {
				kind = upToNextMajorVersion;
				minimumVersion = 10.18.0;
			};
		};
/* End XCRemoteSwiftPackageReference section */

/* Begin XCSwiftPackageProductDependency section */
		8A2741C52B0DDE7A00A6A3A2 /* FirebaseAnalytics */ = {
			isa = XCSwiftPackageProductDependency;
			package = 8A2741C42B0DDE7A00A6A3A2 /* XCRemoteSwiftPackageReference "firebase-ios-sdk" */;
			productName = FirebaseAnalytics;
		};
		8A2741C72B0DDE7A00A6A3A2 /* FirebaseAnalyticsOnDeviceConversion */ = {
			isa = XCSwiftPackageProductDependency;
			package = 8A2741C42B0DDE7A00A6A3A2 /* XCRemoteSwiftPackageReference "firebase-ios-sdk" */;
			productName = FirebaseAnalyticsOnDeviceConversion;
		};
		8A2741C92B0DDE7A00A6A3A2 /* FirebaseAnalyticsSwift */ = {
			isa = XCSwiftPackageProductDependency;
			package = 8A2741C42B0DDE7A00A6A3A2 /* XCRemoteSwiftPackageReference "firebase-ios-sdk" */;
			productName = FirebaseAnalyticsSwift;
		};
		8A2741CB2B0DDE7A00A6A3A2 /* FirebaseAnalyticsWithoutAdIdSupport */ = {
			isa = XCSwiftPackageProductDependency;
			package = 8A2741C42B0DDE7A00A6A3A2 /* XCRemoteSwiftPackageReference "firebase-ios-sdk" */;
			productName = FirebaseAnalyticsWithoutAdIdSupport;
		};
		8A2741CD2B0DDE7A00A6A3A2 /* FirebaseAppCheck */ = {
			isa = XCSwiftPackageProductDependency;
			package = 8A2741C42B0DDE7A00A6A3A2 /* XCRemoteSwiftPackageReference "firebase-ios-sdk" */;
			productName = FirebaseAppCheck;
		};
		8A2741CF2B0DDE7A00A6A3A2 /* FirebaseAppDistribution-Beta */ = {
			isa = XCSwiftPackageProductDependency;
			package = 8A2741C42B0DDE7A00A6A3A2 /* XCRemoteSwiftPackageReference "firebase-ios-sdk" */;
			productName = "FirebaseAppDistribution-Beta";
		};
		8A2741D12B0DDE7A00A6A3A2 /* FirebaseAuth */ = {
			isa = XCSwiftPackageProductDependency;
			package = 8A2741C42B0DDE7A00A6A3A2 /* XCRemoteSwiftPackageReference "firebase-ios-sdk" */;
			productName = FirebaseAuth;
		};
		8A2741D32B0DDE7A00A6A3A2 /* FirebaseAuthCombine-Community */ = {
			isa = XCSwiftPackageProductDependency;
			package = 8A2741C42B0DDE7A00A6A3A2 /* XCRemoteSwiftPackageReference "firebase-ios-sdk" */;
			productName = "FirebaseAuthCombine-Community";
		};
		8A2741D52B0DDE7A00A6A3A2 /* FirebaseCrashlytics */ = {
			isa = XCSwiftPackageProductDependency;
			package = 8A2741C42B0DDE7A00A6A3A2 /* XCRemoteSwiftPackageReference "firebase-ios-sdk" */;
			productName = FirebaseCrashlytics;
		};
		8A2741D72B0DDE7A00A6A3A2 /* FirebaseDatabase */ = {
			isa = XCSwiftPackageProductDependency;
			package = 8A2741C42B0DDE7A00A6A3A2 /* XCRemoteSwiftPackageReference "firebase-ios-sdk" */;
			productName = FirebaseDatabase;
		};
		8A2741D92B0DDE7A00A6A3A2 /* FirebaseDatabaseSwift */ = {
			isa = XCSwiftPackageProductDependency;
			package = 8A2741C42B0DDE7A00A6A3A2 /* XCRemoteSwiftPackageReference "firebase-ios-sdk" */;
			productName = FirebaseDatabaseSwift;
		};
		8A2741DB2B0DDE7A00A6A3A2 /* FirebaseDynamicLinks */ = {
			isa = XCSwiftPackageProductDependency;
			package = 8A2741C42B0DDE7A00A6A3A2 /* XCRemoteSwiftPackageReference "firebase-ios-sdk" */;
			productName = FirebaseDynamicLinks;
		};
		8A2741DD2B0DDE7A00A6A3A2 /* FirebaseFirestore */ = {
			isa = XCSwiftPackageProductDependency;
			package = 8A2741C42B0DDE7A00A6A3A2 /* XCRemoteSwiftPackageReference "firebase-ios-sdk" */;
			productName = FirebaseFirestore;
		};
		8A2741DF2B0DDE7A00A6A3A2 /* FirebaseFirestoreCombine-Community */ = {
			isa = XCSwiftPackageProductDependency;
			package = 8A2741C42B0DDE7A00A6A3A2 /* XCRemoteSwiftPackageReference "firebase-ios-sdk" */;
			productName = "FirebaseFirestoreCombine-Community";
		};
		8A2741E12B0DDE7A00A6A3A2 /* FirebaseFirestoreSwift */ = {
			isa = XCSwiftPackageProductDependency;
			package = 8A2741C42B0DDE7A00A6A3A2 /* XCRemoteSwiftPackageReference "firebase-ios-sdk" */;
			productName = FirebaseFirestoreSwift;
		};
		8A2741E32B0DDE7A00A6A3A2 /* FirebaseFunctions */ = {
			isa = XCSwiftPackageProductDependency;
			package = 8A2741C42B0DDE7A00A6A3A2 /* XCRemoteSwiftPackageReference "firebase-ios-sdk" */;
			productName = FirebaseFunctions;
		};
		8A2741E52B0DDE7A00A6A3A2 /* FirebaseFunctionsCombine-Community */ = {
			isa = XCSwiftPackageProductDependency;
			package = 8A2741C42B0DDE7A00A6A3A2 /* XCRemoteSwiftPackageReference "firebase-ios-sdk" */;
			productName = "FirebaseFunctionsCombine-Community";
		};
		8A2741E72B0DDE7A00A6A3A2 /* FirebaseInAppMessaging-Beta */ = {
			isa = XCSwiftPackageProductDependency;
			package = 8A2741C42B0DDE7A00A6A3A2 /* XCRemoteSwiftPackageReference "firebase-ios-sdk" */;
			productName = "FirebaseInAppMessaging-Beta";
		};
		8A2741E92B0DDE7A00A6A3A2 /* FirebaseInAppMessagingSwift-Beta */ = {
			isa = XCSwiftPackageProductDependency;
			package = 8A2741C42B0DDE7A00A6A3A2 /* XCRemoteSwiftPackageReference "firebase-ios-sdk" */;
			productName = "FirebaseInAppMessagingSwift-Beta";
		};
		8A2741EB2B0DDE7A00A6A3A2 /* FirebaseInstallations */ = {
			isa = XCSwiftPackageProductDependency;
			package = 8A2741C42B0DDE7A00A6A3A2 /* XCRemoteSwiftPackageReference "firebase-ios-sdk" */;
			productName = FirebaseInstallations;
		};
		8A2741ED2B0DDE7A00A6A3A2 /* FirebaseMLModelDownloader */ = {
			isa = XCSwiftPackageProductDependency;
			package = 8A2741C42B0DDE7A00A6A3A2 /* XCRemoteSwiftPackageReference "firebase-ios-sdk" */;
			productName = FirebaseMLModelDownloader;
		};
		8A2741EF2B0DDE7A00A6A3A2 /* FirebaseMessaging */ = {
			isa = XCSwiftPackageProductDependency;
			package = 8A2741C42B0DDE7A00A6A3A2 /* XCRemoteSwiftPackageReference "firebase-ios-sdk" */;
			productName = FirebaseMessaging;
		};
		8A2741F12B0DDE7A00A6A3A2 /* FirebasePerformance */ = {
			isa = XCSwiftPackageProductDependency;
			package = 8A2741C42B0DDE7A00A6A3A2 /* XCRemoteSwiftPackageReference "firebase-ios-sdk" */;
			productName = FirebasePerformance;
		};
		8A2741F32B0DDE7A00A6A3A2 /* FirebaseRemoteConfig */ = {
			isa = XCSwiftPackageProductDependency;
			package = 8A2741C42B0DDE7A00A6A3A2 /* XCRemoteSwiftPackageReference "firebase-ios-sdk" */;
			productName = FirebaseRemoteConfig;
		};
		8A2741F52B0DDE7A00A6A3A2 /* FirebaseRemoteConfigSwift */ = {
			isa = XCSwiftPackageProductDependency;
			package = 8A2741C42B0DDE7A00A6A3A2 /* XCRemoteSwiftPackageReference "firebase-ios-sdk" */;
			productName = FirebaseRemoteConfigSwift;
		};
		8A2741F72B0DDE7A00A6A3A2 /* FirebaseStorage */ = {
			isa = XCSwiftPackageProductDependency;
			package = 8A2741C42B0DDE7A00A6A3A2 /* XCRemoteSwiftPackageReference "firebase-ios-sdk" */;
			productName = FirebaseStorage;
		};
		8A2741F92B0DDE7A00A6A3A2 /* FirebaseStorageCombine-Community */ = {
			isa = XCSwiftPackageProductDependency;
			package = 8A2741C42B0DDE7A00A6A3A2 /* XCRemoteSwiftPackageReference "firebase-ios-sdk" */;
			productName = "FirebaseStorageCombine-Community";
		};
/* End XCSwiftPackageProductDependency section */
	};
	rootObject = 8A0F0FB92B0CC9E1000E33D5 /* Project object */;
}
